
Microsoft Visual Studio Solution File, Format Version 12.00
# Visual Studio 2013
VisualStudioVersion = 12.0.31101.0
MinimumVisualStudioVersion = 10.0.40219.1
Project("{FAE04EC0-301F-11D3-BF4B-00C04F79EFBC}") = "Pango", "Pango\Pango.csproj", "{04EC04F9-AA1F-494D-86A7-033DB42D9EBA}"
EndProject
Project("{FAE04EC0-301F-11D3-BF4B-00C04F79EFBC}") = "GLib", "GLib\GLib.csproj", "{3BF1D531-8840-4F15-8066-A9788D8C398B}"
EndProject
Project("{2150E333-8FDC-42A3-9474-1A3956D46DE8}") = "Demos", "Demos", "{35315044-0A85-4EE3-A576-885CD74D5691}"
EndProject
Project("{FAE04EC0-301F-11D3-BF4B-00C04F79EFBC}") = "Demo01_Shape", "Demos\Demo01_Shape\Demo01_Shape.csproj", "{9085BA4B-AD46-4C51-9214-C15035ADC0EB}"
EndProject
Project("{FAE04EC0-301F-11D3-BF4B-00C04F79EFBC}") = "Cairo", "..\CairoSharp\Cairo\Cairo.csproj", "{3C49A7E8-1708-4930-B741-8648848EC084}"
EndProject
Global
	GlobalSection(SolutionConfigurationPlatforms) = preSolution
		Debug|Any CPU = Debug|Any CPU
		Debug|x64 = Debug|x64
		Debug|x86 = Debug|x86
		Release|Any CPU = Release|Any CPU
		Release|x64 = Release|x64
		Release|x86 = Release|x86
	EndGlobalSection
	GlobalSection(ProjectConfigurationPlatforms) = postSolution
		{04EC04F9-AA1F-494D-86A7-033DB42D9EBA}.Debug|Any CPU.ActiveCfg = Debug|Any CPU
		{04EC04F9-AA1F-494D-86A7-033DB42D9EBA}.Debug|Any CPU.Build.0 = Debug|Any CPU
		{04EC04F9-AA1F-494D-86A7-033DB42D9EBA}.Debug|x64.ActiveCfg = Debug|x64
		{04EC04F9-AA1F-494D-86A7-033DB42D9EBA}.Debug|x64.Build.0 = Debug|x64
		{04EC04F9-AA1F-494D-86A7-033DB42D9EBA}.Debug|x86.ActiveCfg = Debug|x86
		{04EC04F9-AA1F-494D-86A7-033DB42D9EBA}.Debug|x86.Build.0 = Debug|x86
		{04EC04F9-AA1F-494D-86A7-033DB42D9EBA}.Release|Any CPU.ActiveCfg = Release|Any CPU
		{04EC04F9-AA1F-494D-86A7-033DB42D9EBA}.Release|Any CPU.Build.0 = Release|Any CPU
		{04EC04F9-AA1F-494D-86A7-033DB42D9EBA}.Release|x64.ActiveCfg = Release|x64
		{04EC04F9-AA1F-494D-86A7-033DB42D9EBA}.Release|x64.Build.0 = Release|x64
		{04EC04F9-AA1F-494D-86A7-033DB42D9EBA}.Release|x86.ActiveCfg = Release|x86
		{04EC04F9-AA1F-494D-86A7-033DB42D9EBA}.Release|x86.Build.0 = Release|x86
		{3BF1D531-8840-4F15-8066-A9788D8C398B}.Debug|Any CPU.ActiveCfg = Debug|Any CPU
		{3BF1D531-8840-4F15-8066-A9788D8C398B}.Debug|Any CPU.Build.0 = Debug|Any CPU
		{3BF1D531-8840-4F15-8066-A9788D8C398B}.Debug|x64.ActiveCfg = Debug|x64
		{3BF1D531-8840-4F15-8066-A9788D8C398B}.Debug|x64.Build.0 = Debug|x64
		{3BF1D531-8840-4F15-8066-A9788D8C398B}.Debug|x86.ActiveCfg = Debug|x86
		{3BF1D531-8840-4F15-8066-A9788D8C398B}.Debug|x86.Build.0 = Debug|x86
		{3BF1D531-8840-4F15-8066-A9788D8C398B}.Release|Any CPU.ActiveCfg = Release|Any CPU
		{3BF1D531-8840-4F15-8066-A9788D8C398B}.Release|Any CPU.Build.0 = Release|Any CPU
		{3BF1D531-8840-4F15-8066-A9788D8C398B}.Release|x64.ActiveCfg = Release|x64
		{3BF1D531-8840-4F15-8066-A9788D8C398B}.Release|x64.Build.0 = Release|x64
		{3BF1D531-8840-4F15-8066-A9788D8C398B}.Release|x86.ActiveCfg = Release|x86
		{3BF1D531-8840-4F15-8066-A9788D8C398B}.Release|x86.Build.0 = Release|x86
		{9085BA4B-AD46-4C51-9214-C15035ADC0EB}.Debug|Any CPU.ActiveCfg = Debug|Any CPU
		{9085BA4B-AD46-4C51-9214-C15035ADC0EB}.Debug|Any CPU.Build.0 = Debug|Any CPU
		{9085BA4B-AD46-4C51-9214-C15035ADC0EB}.Debug|x64.ActiveCfg = Debug|Any CPU
		{9085BA4B-AD46-4C51-9214-C15035ADC0EB}.Debug|x86.ActiveCfg = Debug|Any CPU
		{9085BA4B-AD46-4C51-9214-C15035ADC0EB}.Release|Any CPU.ActiveCfg = Release|Any CPU
		{9085BA4B-AD46-4C51-9214-C15035ADC0EB}.Release|Any CPU.Build.0 = Release|Any CPU
		{9085BA4B-AD46-4C51-9214-C15035ADC0EB}.Release|x64.ActiveCfg = Release|Any CPU
		{9085BA4B-AD46-4C51-9214-C15035ADC0EB}.Release|x86.ActiveCfg = Release|Any CPU
		{3C49A7E8-1708-4930-B741-8648848EC084}.Debug|Any CPU.ActiveCfg = Debug|Any CPU
		{3C49A7E8-1708-4930-B741-8648848EC084}.Debug|Any CPU.Build.0 = Debug|Any CPU
		{3C49A7E8-1708-4930-B741-8648848EC084}.Debug|x64.ActiveCfg = Debug|x64
		{3C49A7E8-1708-4930-B741-8648848EC084}.Debug|x64.Build.0 = Debug|x64
		{3C49A7E8-1708-4930-B741-8648848EC084}.Debug|x86.ActiveCfg = Debug|Any CPU
		{3C49A7E8-1708-4930-B741-8648848EC084}.Release|Any CPU.ActiveCfg = Release|Any CPU
		{3C49A7E8-1708-4930-B741-8648848EC084}.Release|Any CPU.Build.0 = Release|Any CPU
		{3C49A7E8-1708-4930-B741-8648848EC084}.Release|x64.ActiveCfg = Release|x64
		{3C49A7E8-1708-4930-B741-8648848EC084}.Release|x64.Build.0 = Release|x64
		{3C49A7E8-1708-4930-B741-8648848EC084}.Release|x86.ActiveCfg = Release|Any CPU
	EndGlobalSection
	GlobalSection(SolutionProperties) = preSolution
		HideSolutionNode = FALSE
	EndGlobalSection
	GlobalSection(NestedProjects) = preSolution
		{9085BA4B-AD46-4C51-9214-C15035ADC0EB} = {35315044-0A85-4EE3-A576-885CD74D5691}
	EndGlobalSection
EndGlobal
